
Microsoft Visual Studio Solution File, Format Version 12.00
# Visual Studio Version 17
VisualStudioVersion = 17.14.36603.0
MinimumVisualStudioVersion = 10.0.40219.1
Project("{FAE04EC0-301F-11D3-BF4B-00C04F79EFBC}") = "NotVineApp", "NotVineApp.csproj", "{0619AA89-1217-46F8-A2F5-33B657C8AE91}"
EndProject
Project("{FAE04EC0-301F-11D3-BF4B-00C04F79EFBC}") = "NotVineAppGUI.LoginModule", "..\NotVineApp_GUI\NotVIneAppGUI.LoginModule\NotVineAppGUI.LoginModule.csproj", "{F1B31A1C-77DC-6F93-F0F6-E9130CFE8C1E}"
EndProject
Project("{2150E333-8FDC-42A3-9474-1A3956D46DE8}") = "GUI", "GUI", "{C8D5274F-AC00-46C7-1F8D-E88E81087A52}"
EndProject
Project("{FAE04EC0-301F-11D3-BF4B-00C04F79EFBC}") = "NotVineApp.Common", "..\NotVineApp.Common\NotVineApp.Common.csproj", "{78205700-DF7B-45DC-89F6-801AD97E5ACD}"
EndProject
Project("{FAE04EC0-301F-11D3-BF4B-00C04F79EFBC}") = "NotVineAppGUI.HomeModule", "..\NotVineApp_GUI\NotVineAppGUI.HomeModule\NotVineAppGUI.HomeModule.csproj", "{46CDE29B-9E6B-44FD-8EBA-741F49B5F70F}"
EndProject
Project("{FAE04EC0-301F-11D3-BF4B-00C04F79EFBC}") = "NotVineAppGUI.RegionPageView", "..\NotVineApp_GUI\NotVineAppGUI.RegionPageView\NotVineAppGUI.RegionPageView.csproj", "{49C0F3F3-7417-50FE-A66E-1A644FEF40E0}"
EndProject
Project("{FAE04EC0-301F-11D3-BF4B-00C04F79EFBC}") = "NotVineAppGUI.NavModule", "..\NotVineApp_GUI\NotVineAppGUI.NavModule\NotVineAppGUI.NavModule.csproj", "{08C6A761-170D-4437-8725-0A82076B0A4A}"
EndProject
Project("{FAE04EC0-301F-11D3-BF4B-00C04F79EFBC}") = "NotVineAppGUI.DemoModule", "..\NotVineApp_GUI\NotVineAppGUI.DemoModule\NotVineAppGUI.DemoModule.csproj", "{22C944D5-FD93-4662-A8C3-F65ADB76CA4F}"
EndProject
Global
	GlobalSection(SolutionConfigurationPlatforms) = preSolution
		Debug|Any CPU = Debug|Any CPU
		Release|Any CPU = Release|Any CPU
	EndGlobalSection
	GlobalSection(ProjectConfigurationPlatforms) = postSolution
		{0619AA89-1217-46F8-A2F5-33B657C8AE91}.Debug|Any CPU.ActiveCfg = Debug|Any CPU
		{0619AA89-1217-46F8-A2F5-33B657C8AE91}.Debug|Any CPU.Build.0 = Debug|Any CPU
		{0619AA89-1217-46F8-A2F5-33B657C8AE91}.Release|Any CPU.ActiveCfg = Release|Any CPU
		{0619AA89-1217-46F8-A2F5-33B657C8AE91}.Release|Any CPU.Build.0 = Release|Any CPU
		{F1B31A1C-77DC-6F93-F0F6-E9130CFE8C1E}.Debug|Any CPU.ActiveCfg = Debug|Any CPU
		{F1B31A1C-77DC-6F93-F0F6-E9130CFE8C1E}.Debug|Any CPU.Build.0 = Debug|Any CPU
		{F1B31A1C-77DC-6F93-F0F6-E9130CFE8C1E}.Release|Any CPU.ActiveCfg = Release|Any CPU
		{F1B31A1C-77DC-6F93-F0F6-E9130CFE8C1E}.Release|Any CPU.Build.0 = Release|Any CPU
		{78205700-DF7B-45DC-89F6-801AD97E5ACD}.Debug|Any CPU.ActiveCfg = Debug|Any CPU
		{78205700-DF7B-45DC-89F6-801AD97E5ACD}.Debug|Any CPU.Build.0 = Debug|Any CPU
		{78205700-DF7B-45DC-89F6-801AD97E5ACD}.Release|Any CPU.ActiveCfg = Release|Any CPU
		{78205700-DF7B-45DC-89F6-801AD97E5ACD}.Release|Any CPU.Build.0 = Release|Any CPU
		{46CDE29B-9E6B-44FD-8EBA-741F49B5F70F}.Debug|Any CPU.ActiveCfg = Debug|Any CPU
		{46CDE29B-9E6B-44FD-8EBA-741F49B5F70F}.Debug|Any CPU.Build.0 = Debug|Any CPU
		{46CDE29B-9E6B-44FD-8EBA-741F49B5F70F}.Release|Any CPU.ActiveCfg = Release|Any CPU
		{46CDE29B-9E6B-44FD-8EBA-741F49B5F70F}.Release|Any CPU.Build.0 = Release|Any CPU
		{49C0F3F3-7417-50FE-A66E-1A644FEF40E0}.Debug|Any CPU.ActiveCfg = Debug|Any CPU
		{49C0F3F3-7417-50FE-A66E-1A644FEF40E0}.Debug|Any CPU.Build.0 = Debug|Any CPU
		{49C0F3F3-7417-50FE-A66E-1A644FEF40E0}.Release|Any CPU.ActiveCfg = Release|Any CPU
		{49C0F3F3-7417-50FE-A66E-1A644FEF40E0}.Release|Any CPU.Build.0 = Release|Any CPU
		{08C6A761-170D-4437-8725-0A82076B0A4A}.Debug|Any CPU.ActiveCfg = Debug|Any CPU
		{08C6A761-170D-4437-8725-0A82076B0A4A}.Debug|Any CPU.Build.0 = Debug|Any CPU
		{08C6A761-170D-4437-8725-0A82076B0A4A}.Release|Any CPU.ActiveCfg = Release|Any CPU
		{08C6A761-170D-4437-8725-0A82076B0A4A}.Release|Any CPU.Build.0 = Release|Any CPU
		{22C944D5-FD93-4662-A8C3-F65ADB76CA4F}.Debug|Any CPU.ActiveCfg = Debug|Any CPU
		{22C944D5-FD93-4662-A8C3-F65ADB76CA4F}.Debug|Any CPU.Build.0 = Debug|Any CPU
		{22C944D5-FD93-4662-A8C3-F65ADB76CA4F}.Release|Any CPU.ActiveCfg = Release|Any CPU
		{22C944D5-FD93-4662-A8C3-F65ADB76CA4F}.Release|Any CPU.Build.0 = Release|Any CPU
	EndGlobalSection
	GlobalSection(SolutionProperties) = preSolution
		HideSolutionNode = FALSE
	EndGlobalSection
	GlobalSection(NestedProjects) = preSolution
		{F1B31A1C-77DC-6F93-F0F6-E9130CFE8C1E} = {C8D5274F-AC00-46C7-1F8D-E88E81087A52}
		{46CDE29B-9E6B-44FD-8EBA-741F49B5F70F} = {C8D5274F-AC00-46C7-1F8D-E88E81087A52}
		{49C0F3F3-7417-50FE-A66E-1A644FEF40E0} = {C8D5274F-AC00-46C7-1F8D-E88E81087A52}
		{08C6A761-170D-4437-8725-0A82076B0A4A} = {C8D5274F-AC00-46C7-1F8D-E88E81087A52}
		{22C944D5-FD93-4662-A8C3-F65ADB76CA4F} = {C8D5274F-AC00-46C7-1F8D-E88E81087A52}
	EndGlobalSection
	GlobalSection(ExtensibilityGlobals) = postSolution
		SolutionGuid = {26F6AD29-A2A7-4594-B705-B78148386046}
	EndGlobalSection
EndGlobal
